
Microsoft Visual Studio Solution File, Format Version 12.00
# Visual Studio Version 17
VisualStudioVersion = 17.9.34728.123
MinimumVisualStudioVersion = 10.0.40219.1
Project("{FAE04EC0-301F-11D3-BF4B-00C04F79EFBC}") = "MoviesApp", "MoviesApp\MoviesApp.csproj", "{7E532720-0870-2942-A4E3-EE97CDE6AE47}"
EndProject
Project("{FAE04EC0-301F-11D3-BF4B-00C04F79EFBC}") = "Movies.API", "Movies.API\Movies.API.csproj", "{909671CD-8973-45AD-891D-F5F9A111E5A1}"
EndProject
Project("{FAE04EC0-301F-11D3-BF4B-00C04F79EFBC}") = "Movies.DataAccess", "Movies.DataAccess\Movies.DataAccess.csproj", "{1C6B7BCE-5B3A-4AB4-988C-D2F630DC7082}"
EndProject
Project("{FAE04EC0-301F-11D3-BF4B-00C04F79EFBC}") = "Movies.Business", "Movies.Business\Movies.Business.csproj", "{21CFF0F7-EE2A-48DF-BBFD-D6E1CEA553D4}"
EndProject
Project("{FAE04EC0-301F-11D3-BF4B-00C04F79EFBC}") = "Movies.Models", "Movies.Models\Movies.Models.csproj", "{A04DDAC5-086D-4195-BB59-744F69335C3A}"
EndProject
Global
	GlobalSection(SolutionConfigurationPlatforms) = preSolution
		Debug|Any CPU = Debug|Any CPU
		Release|Any CPU = Release|Any CPU
	EndGlobalSection
	GlobalSection(ProjectConfigurationPlatforms) = postSolution
		{7E532720-0870-2942-A4E3-EE97CDE6AE47}.Debug|Any CPU.ActiveCfg = Debug|Any CPU
		{7E532720-0870-2942-A4E3-EE97CDE6AE47}.Debug|Any CPU.Build.0 = Debug|Any CPU
		{7E532720-0870-2942-A4E3-EE97CDE6AE47}.Release|Any CPU.ActiveCfg = Release|Any CPU
		{7E532720-0870-2942-A4E3-EE97CDE6AE47}.Release|Any CPU.Build.0 = Release|Any CPU
		{909671CD-8973-45AD-891D-F5F9A111E5A1}.Debug|Any CPU.ActiveCfg = Debug|Any CPU
		{909671CD-8973-45AD-891D-F5F9A111E5A1}.Debug|Any CPU.Build.0 = Debug|Any CPU
		{909671CD-8973-45AD-891D-F5F9A111E5A1}.Release|Any CPU.ActiveCfg = Release|Any CPU
		{909671CD-8973-45AD-891D-F5F9A111E5A1}.Release|Any CPU.Build.0 = Release|Any CPU
		{1C6B7BCE-5B3A-4AB4-988C-D2F630DC7082}.Debug|Any CPU.ActiveCfg = Debug|Any CPU
		{1C6B7BCE-5B3A-4AB4-988C-D2F630DC7082}.Debug|Any CPU.Build.0 = Debug|Any CPU
		{1C6B7BCE-5B3A-4AB4-988C-D2F630DC7082}.Release|Any CPU.ActiveCfg = Release|Any CPU
		{1C6B7BCE-5B3A-4AB4-988C-D2F630DC7082}.Release|Any CPU.Build.0 = Release|Any CPU
		{21CFF0F7-EE2A-48DF-BBFD-D6E1CEA553D4}.Debug|Any CPU.ActiveCfg = Debug|Any CPU
		{21CFF0F7-EE2A-48DF-BBFD-D6E1CEA553D4}.Debug|Any CPU.Build.0 = Debug|Any CPU
		{21CFF0F7-EE2A-48DF-BBFD-D6E1CEA553D4}.Release|Any CPU.ActiveCfg = Release|Any CPU
		{21CFF0F7-EE2A-48DF-BBFD-D6E1CEA553D4}.Release|Any CPU.Build.0 = Release|Any CPU
		{A04DDAC5-086D-4195-BB59-744F69335C3A}.Debug|Any CPU.ActiveCfg = Debug|Any CPU
		{A04DDAC5-086D-4195-BB59-744F69335C3A}.Debug|Any CPU.Build.0 = Debug|Any CPU
		{A04DDAC5-086D-4195-BB59-744F69335C3A}.Release|Any CPU.ActiveCfg = Release|Any CPU
		{A04DDAC5-086D-4195-BB59-744F69335C3A}.Release|Any CPU.Build.0 = Release|Any CPU
	EndGlobalSection
	GlobalSection(SolutionProperties) = preSolution
		HideSolutionNode = FALSE
	EndGlobalSection
	GlobalSection(ExtensibilityGlobals) = postSolution
		SolutionGuid = {7B492EAC-1EC1-4839-908F-E26A97FA8277}
	EndGlobalSection
EndGlobal
